{
	"name": "hellofn",
	"version": "1.0.0",
	"lockfileVersion": 2,
	"requires": true,
	"packages": {
		"": {
			"name": "hellofn",
			"version": "1.0.0",
			"license": "Apache-2.0",
			"dependencies": {
				"@fnproject/fdk": ">=0.0.34",
				"oci": "^0.0.51",
				"oci-common": "^2.20.0",
				"oci-devops": "^2.20.0",
				"oci-identity": "^2.20.0"
			}
		},
		"node_modules/@fnproject/fdk": {
			"version": "0.0.34",
			"resolved": "https://registry.npmjs.org/@fnproject/fdk/-/fdk-0.0.34.tgz",
			"integrity": "sha512-1+4KFv3oZVC58+fvjL4cIRgizpQH6SIyL9Zw4WOMcBjVRXF+TkXmbZt1eJyWa04pGWYstq9i+a28HTAH8Uo5uw=="
		},
		"node_modules/@types/asn1": {
			"version": "0.2.0",
			"resolved": "https://registry.npmjs.org/@types/asn1/-/asn1-0.2.0.tgz",
			"integrity": "sha512-5TMxIpYbIA9c1J0hYQjQDX3wr+rTgQEAXaW2BI8ECM8FO53wSW4HFZplTalrKSHuZUc76NtXcePRhwuOHqGD5g==",
			"dependencies": {
				"@types/node": "*"
			}
		},
		"node_modules/@types/core-js": {
			"version": "0.9.46",
			"resolved": "https://registry.npmjs.org/@types/core-js/-/core-js-0.9.46.tgz",
			"integrity": "sha512-LooLR6XHes9V+kNYRz1Qm8w3atw9QMn7XeZUmIpUelllF9BdryeUKd/u0Wh5ErcjpWfG39NrToU9MF7ngsTFVw=="
		},
		"node_modules/@types/isomorphic-fetch": {
			"version": "0.0.35",
			"resolved": "https://registry.npmjs.org/@types/isomorphic-fetch/-/isomorphic-fetch-0.0.35.tgz",
			"integrity": "sha512-DaZNUvLDCAnCTjgwxgiL1eQdxIKEpNLOlTNtAgnZc50bG2copGhRrFN9/PxPBuJe+tZVLCbQ7ls0xveXVRPkvw=="
		},
		"node_modules/@types/jsonwebtoken": {
			"version": "8.5.8",
			"resolved": "https://registry.npmjs.org/@types/jsonwebtoken/-/jsonwebtoken-8.5.8.tgz",
			"integrity": "sha512-zm6xBQpFDIDM6o9r6HSgDeIcLy82TKWctCXEPbJJcXb5AKmi5BNNdLXneixK4lplX3PqIVcwLBCGE/kAGnlD4A==",
			"dependencies": {
				"@types/node": "*"
			}
		},
		"node_modules/@types/jssha": {
			"version": "2.0.0",
			"resolved": "https://registry.npmjs.org/@types/jssha/-/jssha-2.0.0.tgz",
			"integrity": "sha512-oBnY3csYnXfqZXDRBJwP1nDDJCW/+VMJ88UHT4DCy0deSXpJIQvMCwYlnmdW4M+u7PiSfQc44LmiFcUbJ8hLEw=="
		},
		"node_modules/@types/mkdirp": {
			"version": "0.3.29",
			"resolved": "https://registry.npmjs.org/@types/mkdirp/-/mkdirp-0.3.29.tgz",
			"integrity": "sha1-fyrX7FX5FEgvybHsS7GuYCjUYGY="
		},
		"node_modules/@types/node": {
			"version": "9.6.61",
			"resolved": "https://registry.npmjs.org/@types/node/-/node-9.6.61.tgz",
			"integrity": "sha512-/aKAdg5c8n468cYLy2eQrcR5k6chlbNwZNGUj3TboyPa2hcO2QAJcfymlqPzMiRj8B6nYKXjzQz36minFE0RwQ=="
		},
		"node_modules/@types/opossum": {
			"version": "4.1.1",
			"resolved": "https://registry.npmjs.org/@types/opossum/-/opossum-4.1.1.tgz",
			"integrity": "sha512-9TMnd8AWRVtnZMqBbbzceQoJdafErgUViogFaQ3eetsbeLtiFFZ695mepNaLtlfJi4uRP3GmHfe3CJ2DZKaxYA==",
			"dependencies": {
				"@types/node": "*"
			}
		},
		"node_modules/@types/rimraf": {
			"version": "0.0.28",
			"resolved": "https://registry.npmjs.org/@types/rimraf/-/rimraf-0.0.28.tgz",
			"integrity": "sha1-VWJRm8eWPKyoq/fxKMrjtZTUHQY="
		},
		"node_modules/@types/sshpk": {
			"version": "1.17.0",
			"resolved": "https://registry.npmjs.org/@types/sshpk/-/sshpk-1.17.0.tgz",
			"integrity": "sha512-yHxVn9o5r9g4qd6HByA3ydIdHGzxw5NFQCwY7uS4aM1b4RLnexdtLwp08Dq5n0W/asrDpvbX0+C+tzep4tVDZQ==",
			"dependencies": {
				"@types/asn1": "*",
				"@types/node": "*"
			}
		},
		"node_modules/asn1": {
			"version": "0.2.6",
			"resolved": "https://registry.npmjs.org/asn1/-/asn1-0.2.6.tgz",
			"integrity": "sha512-ix/FxPn0MDjeyJ7i/yoHGFt/EX6LyNbxSEhPPXODPL+KB0VPk86UYfL0lMdy+KCnv+fmvIzySwaK5COwqVbWTQ==",
			"dependencies": {
				"safer-buffer": "~2.1.0"
			}
		},
		"node_modules/assert-plus": {
			"version": "1.0.0",
			"resolved": "https://registry.npmjs.org/assert-plus/-/assert-plus-1.0.0.tgz",
			"integrity": "sha1-8S4PPF13sLHN2RRpQuTpbB5N1SU=",
			"engines": {
				"node": ">=0.8"
			}
		},
		"node_modules/balanced-match": {
			"version": "1.0.2",
			"resolved": "https://registry.npmjs.org/balanced-match/-/balanced-match-1.0.2.tgz",
			"integrity": "sha512-3oSeUO0TMV67hN1AmbXsK4yaqU7tjiHlbxRDZOpH0KW9+CeX4bRAaX0Anxt0tx2MrpRpWwQaPwIlISEJhYU5Pw=="
		},
		"node_modules/bcrypt-pbkdf": {
			"version": "1.0.2",
			"resolved": "https://registry.npmjs.org/bcrypt-pbkdf/-/bcrypt-pbkdf-1.0.2.tgz",
			"integrity": "sha1-pDAdOJtqQ/m2f/PKEaP2Y342Dp4=",
			"dependencies": {
				"tweetnacl": "^0.14.3"
			}
		},
		"node_modules/brace-expansion": {
			"version": "1.1.11",
			"resolved": "https://registry.npmjs.org/brace-expansion/-/brace-expansion-1.1.11.tgz",
			"integrity": "sha512-iCuPHDFgrHX7H2vEI/5xpz07zSHB00TpugqhmYtVmMO6518mCuRMoOYFldEBl0g187ufozdaHgWKcYFb61qGiA==",
			"dependencies": {
				"balanced-match": "^1.0.0",
				"concat-map": "0.0.1"
			}
		},
		"node_modules/buffer-equal-constant-time": {
			"version": "1.0.1",
			"resolved": "https://registry.npmjs.org/buffer-equal-constant-time/-/buffer-equal-constant-time-1.0.1.tgz",
			"integrity": "sha1-+OcRMvf/5uAaXJaXpMbz5I1cyBk="
		},
		"node_modules/concat-map": {
			"version": "0.0.1",
			"resolved": "https://registry.npmjs.org/concat-map/-/concat-map-0.0.1.tgz",
			"integrity": "sha1-2Klr13/Wjfd5OnMDajug1UBdR3s="
		},
		"node_modules/core-util-is": {
			"version": "1.0.2",
			"resolved": "https://registry.npmjs.org/core-util-is/-/core-util-is-1.0.2.tgz",
			"integrity": "sha1-tf1UIgqivFq1eqtxQMlAdUUDwac="
		},
		"node_modules/dashdash": {
			"version": "1.14.1",
			"resolved": "https://registry.npmjs.org/dashdash/-/dashdash-1.14.1.tgz",
			"integrity": "sha1-hTz6D3y+L+1d4gMmuN1YEDX24vA=",
			"dependencies": {
				"assert-plus": "^1.0.0"
			},
			"engines": {
				"node": ">=0.10"
			}
		},
		"node_modules/debug": {
			"version": "2.6.9",
			"resolved": "https://registry.npmjs.org/debug/-/debug-2.6.9.tgz",
			"integrity": "sha512-bC7ElrdJaJnPbAP+1EotYvqZsb3ecl5wi6Bfi6BJTUcNowp6cvspg0jXznRTKDjm/E7AdgFBVeAPVMNcKGsHMA==",
			"dependencies": {
				"ms": "2.0.0"
			}
		},
		"node_modules/dotenv": {
			"version": "6.2.0",
			"resolved": "https://registry.npmjs.org/dotenv/-/dotenv-6.2.0.tgz",
			"integrity": "sha512-HygQCKUBSFl8wKQZBSemMywRWcEDNidvNbjGVyZu3nbZ8qq9ubiPoGLMdRDpfSrpkkm9BXYFkpKxxFX38o/76w==",
			"engines": {
				"node": ">=6"
			}
		},
		"node_modules/ecc-jsbn": {
			"version": "0.1.2",
			"resolved": "https://registry.npmjs.org/ecc-jsbn/-/ecc-jsbn-0.1.2.tgz",
			"integrity": "sha1-OoOpBOVDUyh4dMVkt1SThoSamMk=",
			"dependencies": {
				"jsbn": "~0.1.0",
				"safer-buffer": "^2.1.0"
			}
		},
		"node_modules/ecdsa-sig-formatter": {
			"version": "1.0.11",
			"resolved": "https://registry.npmjs.org/ecdsa-sig-formatter/-/ecdsa-sig-formatter-1.0.11.tgz",
			"integrity": "sha512-nagl3RYrbNv6kQkeJIpt6NJZy8twLB/2vtz6yN9Z4vRKHN4/QZJIEbqohALSgwKdnksuY3k5Addp5lg8sVoVcQ==",
			"dependencies": {
				"safe-buffer": "^5.0.1"
			}
		},
		"node_modules/es6-promise": {
			"version": "4.2.6",
			"resolved": "https://registry.npmjs.org/es6-promise/-/es6-promise-4.2.6.tgz",
			"integrity": "sha512-aRVgGdnmW2OiySVPUC9e6m+plolMAJKjZnQlCwNSuK5yQ0JN61DZSO1X1Ufd1foqWRAlig0rhduTCHe7sVtK5Q=="
		},
		"node_modules/extsprintf": {
			"version": "1.3.0",
			"resolved": "https://registry.npmjs.org/extsprintf/-/extsprintf-1.3.0.tgz",
			"integrity": "sha1-lpGEQOMEGnpBT4xS48V06zw+HgU=",
			"engines": [
				"node >=0.6.0"
			]
		},
		"node_modules/fs.realpath": {
			"version": "1.0.0",
			"resolved": "https://registry.npmjs.org/fs.realpath/-/fs.realpath-1.0.0.tgz",
			"integrity": "sha1-FQStJSMVjKpA20onh8sBQRmU6k8="
		},
		"node_modules/getpass": {
			"version": "0.1.7",
			"resolved": "https://registry.npmjs.org/getpass/-/getpass-0.1.7.tgz",
			"integrity": "sha1-Xv+OPmhNVprkyysSgmBOi6YhSfo=",
			"dependencies": {
				"assert-plus": "^1.0.0"
			}
		},
		"node_modules/glob": {
			"version": "7.2.0",
			"resolved": "https://registry.npmjs.org/glob/-/glob-7.2.0.tgz",
			"integrity": "sha512-lmLf6gtyrPq8tTjSmrO94wBeQbFR3HbLHbuyD69wuyQkImp2hWqMGB47OX65FBkPffO641IP9jWa1z4ivqG26Q==",
			"dependencies": {
				"fs.realpath": "^1.0.0",
				"inflight": "^1.0.4",
				"inherits": "2",
				"minimatch": "^3.0.4",
				"once": "^1.3.0",
				"path-is-absolute": "^1.0.0"
			},
			"engines": {
				"node": "*"
			},
			"funding": {
				"url": "https://github.com/sponsors/isaacs"
			}
		},
		"node_modules/http-signature": {
			"version": "1.3.1",
			"resolved": "https://registry.npmjs.org/http-signature/-/http-signature-1.3.1.tgz",
			"integrity": "sha512-Y29YKEc8MQsjch/VzkUVJ+2MXd9WcR42fK5u36CZf4G8bXw2DXMTWuESiB0R6m59JAWxlPPw5/Fri/t/AyyueA==",
			"dependencies": {
				"assert-plus": "^1.0.0",
				"jsprim": "^1.2.2",
				"sshpk": "^1.14.1"
			},
			"engines": {
				"node": ">=0.10"
			}
		},
		"node_modules/inflight": {
			"version": "1.0.6",
			"resolved": "https://registry.npmjs.org/inflight/-/inflight-1.0.6.tgz",
			"integrity": "sha1-Sb1jMdfQLQwJvJEKEHW6gWW1bfk=",
			"dependencies": {
				"once": "^1.3.0",
				"wrappy": "1"
			}
		},
		"node_modules/inherits": {
			"version": "2.0.4",
			"resolved": "https://registry.npmjs.org/inherits/-/inherits-2.0.4.tgz",
			"integrity": "sha512-k/vGaX4/Yla3WzyMCvTQOXYeIHvqOKtnqBduzTHpzpQZzAskKMhZ2K+EnBiSM9zGSoIFeMpXKxa4dYeZIQqewQ=="
		},
		"node_modules/is-wsl": {
			"version": "1.1.0",
			"resolved": "https://registry.npmjs.org/is-wsl/-/is-wsl-1.1.0.tgz",
			"integrity": "sha1-HxbkqiKwTRM2tmGIpmrzxgDDpm0=",
			"engines": {
				"node": ">=4"
			}
		},
		"node_modules/isomorphic-fetch": {
			"version": "3.0.0",
			"resolved": "https://registry.npmjs.org/isomorphic-fetch/-/isomorphic-fetch-3.0.0.tgz",
			"integrity": "sha512-qvUtwJ3j6qwsF3jLxkZ72qCgjMysPzDfeV240JHiGZsANBYd+EEuu35v7dfrJ9Up0Ak07D7GGSkGhCHTqg/5wA==",
			"dependencies": {
				"node-fetch": "^2.6.1",
				"whatwg-fetch": "^3.4.1"
			}
		},
		"node_modules/jsbn": {
			"version": "0.1.1",
			"resolved": "https://registry.npmjs.org/jsbn/-/jsbn-0.1.1.tgz",
			"integrity": "sha1-peZUwuWi3rXyAdls77yoDA7y9RM="
		},
		"node_modules/json-schema": {
			"version": "0.4.0",
			"resolved": "https://registry.npmjs.org/json-schema/-/json-schema-0.4.0.tgz",
			"integrity": "sha512-es94M3nTIfsEPisRafak+HDLfHXnKBhV3vU5eqPcS3flIWqcxJWgXHXiey3YrpaNsanY5ei1VoYEbOzijuq9BA=="
		},
		"node_modules/jsonwebtoken": {
			"version": "8.5.1",
			"resolved": "https://registry.npmjs.org/jsonwebtoken/-/jsonwebtoken-8.5.1.tgz",
			"integrity": "sha512-XjwVfRS6jTMsqYs0EsuJ4LGxXV14zQybNd4L2r0UvbVnSF9Af8x7p5MzbJ90Ioz/9TI41/hTCvznF/loiSzn8w==",
			"dependencies": {
				"jws": "^3.2.2",
				"lodash.includes": "^4.3.0",
				"lodash.isboolean": "^3.0.3",
				"lodash.isinteger": "^4.0.4",
				"lodash.isnumber": "^3.0.3",
				"lodash.isplainobject": "^4.0.6",
				"lodash.isstring": "^4.0.1",
				"lodash.once": "^4.0.0",
				"ms": "^2.1.1",
				"semver": "^5.6.0"
			},
			"engines": {
				"node": ">=4",
				"npm": ">=1.4.28"
			}
		},
		"node_modules/jsonwebtoken/node_modules/ms": {
			"version": "2.1.3",
			"resolved": "https://registry.npmjs.org/ms/-/ms-2.1.3.tgz",
			"integrity": "sha512-6FlzubTLZG3J2a/NVCAleEhjzq5oxgHyaCU9yYXvcLsvoVaHJq/s5xXI6/XXP6tz7R9xAOtHnSO/tXtF3WRTlA=="
		},
		"node_modules/jsprim": {
			"version": "1.4.2",
			"resolved": "https://registry.npmjs.org/jsprim/-/jsprim-1.4.2.tgz",
			"integrity": "sha512-P2bSOMAc/ciLz6DzgjVlGJP9+BrJWu5UDGK70C2iweC5QBIeFf0ZXRvGjEj2uYgrY2MkAAhsSWHDWlFtEroZWw==",
			"dependencies": {
				"assert-plus": "1.0.0",
				"extsprintf": "1.3.0",
				"json-schema": "0.4.0",
				"verror": "1.10.0"
			},
			"engines": {
				"node": ">=0.6.0"
			}
		},
		"node_modules/jssha": {
			"version": "2.4.1",
			"resolved": "https://registry.npmjs.org/jssha/-/jssha-2.4.1.tgz",
			"integrity": "sha512-77DN1YurYgh+7FPCTJ2CQ6hVDHgIWiHxm4Y5/mAdnpETKYagX22pVWMz4xfKF5fcpNfMaztgVj+/B1bt2k23Eg==",
			"deprecated": "jsSHA versions < 3.0.0 will no longer receive feature updates",
			"engines": {
				"node": "*"
			}
		},
		"node_modules/jwa": {
			"version": "1.4.1",
			"resolved": "https://registry.npmjs.org/jwa/-/jwa-1.4.1.tgz",
			"integrity": "sha512-qiLX/xhEEFKUAJ6FiBMbes3w9ATzyk5W7Hvzpa/SLYdxNtng+gcurvrI7TbACjIXlsJyr05/S1oUhZrc63evQA==",
			"dependencies": {
				"buffer-equal-constant-time": "1.0.1",
				"ecdsa-sig-formatter": "1.0.11",
				"safe-buffer": "^5.0.1"
			}
		},
		"node_modules/jws": {
			"version": "3.2.2",
			"resolved": "https://registry.npmjs.org/jws/-/jws-3.2.2.tgz",
			"integrity": "sha512-YHlZCB6lMTllWDtSPHz/ZXTsi8S00usEV6v1tjq8tOUZzw7DpSDWVXjXDre6ed1w/pd495ODpHZYSdkRTsa0HA==",
			"dependencies": {
				"jwa": "^1.4.1",
				"safe-buffer": "^5.0.1"
			}
		},
		"node_modules/lighthouse-logger": {
			"version": "1.3.0",
			"resolved": "https://registry.npmjs.org/lighthouse-logger/-/lighthouse-logger-1.3.0.tgz",
			"integrity": "sha512-BbqAKApLb9ywUli+0a+PcV04SyJ/N1q/8qgCNe6U97KbPCS1BTksEuHFLYdvc8DltuhfxIUBqDZsC0bBGtl3lA==",
			"dependencies": {
				"debug": "^2.6.9",
				"marky": "^1.2.2"
			}
		},
		"node_modules/lodash.includes": {
			"version": "4.3.0",
			"resolved": "https://registry.npmjs.org/lodash.includes/-/lodash.includes-4.3.0.tgz",
			"integrity": "sha1-YLuYqHy5I8aMoeUTJUgzFISfVT8="
		},
		"node_modules/lodash.isboolean": {
			"version": "3.0.3",
			"resolved": "https://registry.npmjs.org/lodash.isboolean/-/lodash.isboolean-3.0.3.tgz",
			"integrity": "sha1-bC4XHbKiV82WgC/UOwGyDV9YcPY="
		},
		"node_modules/lodash.isinteger": {
			"version": "4.0.4",
			"resolved": "https://registry.npmjs.org/lodash.isinteger/-/lodash.isinteger-4.0.4.tgz",
			"integrity": "sha1-YZwK89A/iwTDH1iChAt3sRzWg0M="
		},
		"node_modules/lodash.isnumber": {
			"version": "3.0.3",
			"resolved": "https://registry.npmjs.org/lodash.isnumber/-/lodash.isnumber-3.0.3.tgz",
			"integrity": "sha1-POdoEMWSjQM1IwGsKHMX8RwLH/w="
		},
		"node_modules/lodash.isplainobject": {
			"version": "4.0.6",
			"resolved": "https://registry.npmjs.org/lodash.isplainobject/-/lodash.isplainobject-4.0.6.tgz",
			"integrity": "sha1-fFJqUtibRcRcxpC4gWO+BJf1UMs="
		},
		"node_modules/lodash.isstring": {
			"version": "4.0.1",
			"resolved": "https://registry.npmjs.org/lodash.isstring/-/lodash.isstring-4.0.1.tgz",
			"integrity": "sha1-1SfftUVuynzJu5XV2ur4i6VKVFE="
		},
		"node_modules/lodash.once": {
			"version": "4.1.1",
			"resolved": "https://registry.npmjs.org/lodash.once/-/lodash.once-4.1.1.tgz",
			"integrity": "sha1-DdOXEhPHxW34gJd9UEyI+0cal6w="
		},
		"node_modules/marky": {
			"version": "1.2.4",
			"resolved": "https://registry.npmjs.org/marky/-/marky-1.2.4.tgz",
			"integrity": "sha512-zd2/GiSn6U3/jeFVZ0J9CA1LzQ8RfIVvXkb/U0swFHF/zT+dVohTAWjmo2DcIuofmIIIROlwTbd+shSeXmxr0w=="
		},
		"node_modules/minimatch": {
			"version": "3.1.2",
			"resolved": "https://registry.npmjs.org/minimatch/-/minimatch-3.1.2.tgz",
			"integrity": "sha512-J7p63hRiAjw1NDEww1W7i37+ByIrOWO5XQQAzZ3VOcL0PNybwpfmV/N05zFAzwQ9USyEcX6t3UO+K5aqBQOIHw==",
			"dependencies": {
				"brace-expansion": "^1.1.7"
			},
			"engines": {
				"node": "*"
			}
		},
		"node_modules/minimist": {
			"version": "0.0.8",
			"resolved": "https://registry.npmjs.org/minimist/-/minimist-0.0.8.tgz",
			"integrity": "sha1-hX/Kv8M5fSYluCKCYuhqp6ARsF0="
		},
		"node_modules/mkdirp": {
			"version": "0.5.1",
			"resolved": "https://registry.npmjs.org/mkdirp/-/mkdirp-0.5.1.tgz",
			"integrity": "sha1-MAV0OOrGz3+MR2fzhkjWaX11yQM=",
			"deprecated": "Legacy versions of mkdirp are no longer supported. Please update to mkdirp 1.x. (Note that the API surface has changed to use Promises in 1.x.)",
			"dependencies": {
				"minimist": "0.0.8"
			},
			"bin": {
				"mkdirp": "bin/cmd.js"
			}
		},
		"node_modules/ms": {
			"version": "2.0.0",
			"resolved": "https://registry.npmjs.org/ms/-/ms-2.0.0.tgz",
			"integrity": "sha1-VgiurfwAvmwpAd9fmGF4jeDVl8g="
		},
		"node_modules/node-fetch": {
			"version": "2.6.7",
			"resolved": "https://registry.npmjs.org/node-fetch/-/node-fetch-2.6.7.tgz",
			"integrity": "sha512-ZjMPFEfVx5j+y2yF35Kzx5sF7kDzxuDj6ziH4FFbOp87zKDZNx8yExJIb05OGF4Nlt9IHFIMBkRl41VdvcNdbQ==",
			"dependencies": {
				"whatwg-url": "^5.0.0"
			},
			"engines": {
				"node": "4.x || >=6.0.0"
			},
			"peerDependencies": {
				"encoding": "^0.1.0"
			},
			"peerDependenciesMeta": {
				"encoding": {
					"optional": true
				}
			}
		},
		"node_modules/oci": {
			"version": "0.0.51",
			"resolved": "https://registry.npmjs.org/oci/-/oci-0.0.51.tgz",
			"integrity": "sha512-es8O/+O/sv6ykRLARI0RTW9SJpju3byid/k0XoQl1/qoVwZS0kNyYmttnPzNj+XP/RBBDClqx5g4G7aWFhH9Rg==",
			"dependencies": {
				"@types/core-js": "^0.9.41",
				"@types/mkdirp": "^0.3.29",
				"@types/node": "^9.3.0",
				"@types/rimraf": "^0.0.28",
				"dotenv": "^6.1.0",
				"is-wsl": "^1.1.0",
				"lighthouse-logger": "^1.0.0",
				"mkdirp": "0.5.1",
				"rimraf": "^2.6.1"
			},
			"bin": {
				"oci": "manual-chrome-launcher.js"
			}
		},
		"node_modules/oci-common": {
			"version": "2.20.0",
			"resolved": "https://registry.npmjs.org/oci-common/-/oci-common-2.20.0.tgz",
			"integrity": "sha512-859zr0jvIeSDIvv08kj1hEhICxhpzjHq1yJkNKhTj5fyNI5n1AdSjz0RjnfpE1rtTiGfpkdloYjgWHADlIc35g==",
			"dependencies": {
				"@types/isomorphic-fetch": "0.0.35",
				"@types/jsonwebtoken": "^8.5.0",
				"@types/jssha": "^2.0.0",
				"@types/opossum": "4.1.1",
				"@types/sshpk": "^1.10.3",
				"es6-promise": "4.2.6",
				"http-signature": "1.3.1",
				"isomorphic-fetch": "3.0.0",
				"jsonwebtoken": "8.5.1",
				"jssha": "2.4.1",
				"opossum": "5.0.1",
				"sshpk": "1.16.1",
				"uuid": "3.3.3"
			}
		},
		"node_modules/oci-devops": {
			"version": "2.20.0",
			"resolved": "https://registry.npmjs.org/oci-devops/-/oci-devops-2.20.0.tgz",
			"integrity": "sha512-9pSk9eqzsjkNiO6X2y6Y1qkG8j+M8lTRtcD7510xwdFIf2IhRN/CYKqoUetnC0qibP8w1ROYsluFPXxiHEJMPg==",
			"dependencies": {
				"oci-common": "2.20.0",
				"oci-workrequests": "2.20.0"
			}
		},
		"node_modules/oci-identity": {
			"version": "2.20.0",
			"resolved": "https://registry.npmjs.org/oci-identity/-/oci-identity-2.20.0.tgz",
			"integrity": "sha512-QWSBb+6yJwat9wlEszS+gSMzBAjf2wHev5LzRS+7Ebge01baKrtxHkPOoyz4xjkFx5ETJ3RSye9j2vNBAa4hFw==",
			"dependencies": {
				"oci-common": "2.20.0",
				"oci-workrequests": "2.20.0"
			}
		},
		"node_modules/oci-workrequests": {
			"version": "2.20.0",
			"resolved": "https://registry.npmjs.org/oci-workrequests/-/oci-workrequests-2.20.0.tgz",
			"integrity": "sha512-5FFAVfRYjWohGdRRFy+QiULqd+4HPGyyBl+D/QUMKjXcl1qcNLEDesHsgWEiOP9mQgA43cgap2M8gEXt+oTDuw==",
			"dependencies": {
				"oci-common": "2.20.0",
				"oci-workrequests": "2.20.0"
			}
		},
		"node_modules/once": {
			"version": "1.4.0",
			"resolved": "https://registry.npmjs.org/once/-/once-1.4.0.tgz",
			"integrity": "sha1-WDsap3WWHUsROsF9nFC6753Xa9E=",
			"dependencies": {
				"wrappy": "1"
			}
		},
		"node_modules/opossum": {
			"version": "5.0.1",
			"resolved": "https://registry.npmjs.org/opossum/-/opossum-5.0.1.tgz",
			"integrity": "sha512-iUDUQmFl3RanaBVLMDTZ6WtXj/Hk84pwJ5JWoJaQd1lXGifdApHhszI3biZvdBDdpTERCmB6x+7+uNvzhzVZIg==",
			"engines": {
				"node": ">= 10"
			}
		},
		"node_modules/path-is-absolute": {
			"version": "1.0.1",
			"resolved": "https://registry.npmjs.org/path-is-absolute/-/path-is-absolute-1.0.1.tgz",
			"integrity": "sha1-F0uSaHNVNP+8es5r9TpanhtcX18=",
			"engines": {
				"node": ">=0.10.0"
			}
		},
		"node_modules/rimraf": {
			"version": "2.7.1",
			"resolved": "https://registry.npmjs.org/rimraf/-/rimraf-2.7.1.tgz",
			"integrity": "sha512-uWjbaKIK3T1OSVptzX7Nl6PvQ3qAGtKEtVRjRuazjfL3Bx5eI409VZSqgND+4UNnmzLVdPj9FqFJNPqBZFve4w==",
			"dependencies": {
				"glob": "^7.1.3"
			},
			"bin": {
				"rimraf": "bin.js"
			}
		},
		"node_modules/safe-buffer": {
			"version": "5.2.1",
			"resolved": "https://registry.npmjs.org/safe-buffer/-/safe-buffer-5.2.1.tgz",
			"integrity": "sha512-rp3So07KcdmmKbGvgaNxQSJr7bGVSVk5S9Eq1F+ppbRo70+YeaDxkw5Dd8NPN+GD6bjnYm2VuPuCXmpuYvmCXQ==",
			"funding": [
				{
					"type": "github",
					"url": "https://github.com/sponsors/feross"
				},
				{
					"type": "patreon",
					"url": "https://www.patreon.com/feross"
				},
				{
					"type": "consulting",
					"url": "https://feross.org/support"
				}
			]
		},
		"node_modules/safer-buffer": {
			"version": "2.1.2",
			"resolved": "https://registry.npmjs.org/safer-buffer/-/safer-buffer-2.1.2.tgz",
			"integrity": "sha512-YZo3K82SD7Riyi0E1EQPojLz7kpepnSQI9IyPbHHg1XXXevb5dJI7tpyN2ADxGcQbHG7vcyRHk0cbwqcQriUtg=="
		},
		"node_modules/semver": {
			"version": "5.7.1",
			"resolved": "https://registry.npmjs.org/semver/-/semver-5.7.1.tgz",
			"integrity": "sha512-sauaDf/PZdVgrLTNYHRtpXa1iRiKcaebiKQ1BJdpQlWH2lCvexQdX55snPFyK7QzpudqbCI0qXFfOasHdyNDGQ==",
			"bin": {
				"semver": "bin/semver"
			}
		},
		"node_modules/sshpk": {
			"version": "1.16.1",
			"resolved": "https://registry.npmjs.org/sshpk/-/sshpk-1.16.1.tgz",
			"integrity": "sha512-HXXqVUq7+pcKeLqqZj6mHFUMvXtOJt1uoUx09pFW6011inTMxqI8BA8PM95myrIyyKwdnzjdFjLiE6KBPVtJIg==",
			"dependencies": {
				"asn1": "~0.2.3",
				"assert-plus": "^1.0.0",
				"bcrypt-pbkdf": "^1.0.0",
				"dashdash": "^1.12.0",
				"ecc-jsbn": "~0.1.1",
				"getpass": "^0.1.1",
				"jsbn": "~0.1.0",
				"safer-buffer": "^2.0.2",
				"tweetnacl": "~0.14.0"
			},
			"bin": {
				"sshpk-conv": "bin/sshpk-conv",
				"sshpk-sign": "bin/sshpk-sign",
				"sshpk-verify": "bin/sshpk-verify"
			},
			"engines": {
				"node": ">=0.10.0"
			}
		},
		"node_modules/tr46": {
			"version": "0.0.3",
			"resolved": "https://registry.npmjs.org/tr46/-/tr46-0.0.3.tgz",
			"integrity": "sha1-gYT9NH2snNwYWZLzpmIuFLnZq2o="
		},
		"node_modules/tweetnacl": {
			"version": "0.14.5",
			"resolved": "https://registry.npmjs.org/tweetnacl/-/tweetnacl-0.14.5.tgz",
			"integrity": "sha1-WuaBd/GS1EViadEIr6k/+HQ/T2Q="
		},
		"node_modules/uuid": {
			"version": "3.3.3",
			"resolved": "https://registry.npmjs.org/uuid/-/uuid-3.3.3.tgz",
			"integrity": "sha512-pW0No1RGHgzlpHJO1nsVrHKpOEIxkGg1xB+v0ZmdNH5OAeAwzAVrCnI2/6Mtx+Uys6iaylxa+D3g4j63IKKjSQ==",
			"deprecated": "Please upgrade  to version 7 or higher.  Older versions may use Math.random() in certain circumstances, which is known to be problematic.  See https://v8.dev/blog/math-random for details.",
			"bin": {
				"uuid": "bin/uuid"
			}
		},
		"node_modules/verror": {
			"version": "1.10.0",
			"resolved": "https://registry.npmjs.org/verror/-/verror-1.10.0.tgz",
			"integrity": "sha1-OhBcoXBTr1XW4nDB+CiGguGNpAA=",
			"engines": [
				"node >=0.6.0"
			],
			"dependencies": {
				"assert-plus": "^1.0.0",
				"core-util-is": "1.0.2",
				"extsprintf": "^1.2.0"
			}
		},
		"node_modules/webidl-conversions": {
			"version": "3.0.1",
			"resolved": "https://registry.npmjs.org/webidl-conversions/-/webidl-conversions-3.0.1.tgz",
			"integrity": "sha1-JFNCdeKnvGvnvIZhHMFq4KVlSHE="
		},
		"node_modules/whatwg-fetch": {
			"version": "3.6.2",
			"resolved": "https://registry.npmjs.org/whatwg-fetch/-/whatwg-fetch-3.6.2.tgz",
			"integrity": "sha512-bJlen0FcuU/0EMLrdbJ7zOnW6ITZLrZMIarMUVmdKtsGvZna8vxKYaexICWPfZ8qwf9fzNq+UEIZrnSaApt6RA=="
		},
		"node_modules/whatwg-url": {
			"version": "5.0.0",
			"resolved": "https://registry.npmjs.org/whatwg-url/-/whatwg-url-5.0.0.tgz",
			"integrity": "sha1-lmRU6HZUYuN2RNNib2dCzotwll0=",
			"dependencies": {
				"tr46": "~0.0.3",
				"webidl-conversions": "^3.0.0"
			}
		},
		"node_modules/wrappy": {
			"version": "1.0.2",
			"resolved": "https://registry.npmjs.org/wrappy/-/wrappy-1.0.2.tgz",
			"integrity": "sha1-tSQ9jz7BqjXxNkYFvA0QNuMKtp8="
		}
	},
	"dependencies": {
		"@fnproject/fdk": {
			"version": "0.0.34",
			"resolved": "https://registry.npmjs.org/@fnproject/fdk/-/fdk-0.0.34.tgz",
			"integrity": "sha512-1+4KFv3oZVC58+fvjL4cIRgizpQH6SIyL9Zw4WOMcBjVRXF+TkXmbZt1eJyWa04pGWYstq9i+a28HTAH8Uo5uw=="
		},
		"@types/asn1": {
			"version": "0.2.0",
			"resolved": "https://registry.npmjs.org/@types/asn1/-/asn1-0.2.0.tgz",
			"integrity": "sha512-5TMxIpYbIA9c1J0hYQjQDX3wr+rTgQEAXaW2BI8ECM8FO53wSW4HFZplTalrKSHuZUc76NtXcePRhwuOHqGD5g==",
			"requires": {
				"@types/node": "*"
			}
		},
		"@types/core-js": {
			"version": "0.9.46",
			"resolved": "https://registry.npmjs.org/@types/core-js/-/core-js-0.9.46.tgz",
			"integrity": "sha512-LooLR6XHes9V+kNYRz1Qm8w3atw9QMn7XeZUmIpUelllF9BdryeUKd/u0Wh5ErcjpWfG39NrToU9MF7ngsTFVw=="
		},
		"@types/isomorphic-fetch": {
			"version": "0.0.35",
			"resolved": "https://registry.npmjs.org/@types/isomorphic-fetch/-/isomorphic-fetch-0.0.35.tgz",
			"integrity": "sha512-DaZNUvLDCAnCTjgwxgiL1eQdxIKEpNLOlTNtAgnZc50bG2copGhRrFN9/PxPBuJe+tZVLCbQ7ls0xveXVRPkvw=="
		},
		"@types/jsonwebtoken": {
			"version": "8.5.8",
			"resolved": "https://registry.npmjs.org/@types/jsonwebtoken/-/jsonwebtoken-8.5.8.tgz",
			"integrity": "sha512-zm6xBQpFDIDM6o9r6HSgDeIcLy82TKWctCXEPbJJcXb5AKmi5BNNdLXneixK4lplX3PqIVcwLBCGE/kAGnlD4A==",
			"requires": {
				"@types/node": "*"
			}
		},
		"@types/jssha": {
			"version": "2.0.0",
			"resolved": "https://registry.npmjs.org/@types/jssha/-/jssha-2.0.0.tgz",
			"integrity": "sha512-oBnY3csYnXfqZXDRBJwP1nDDJCW/+VMJ88UHT4DCy0deSXpJIQvMCwYlnmdW4M+u7PiSfQc44LmiFcUbJ8hLEw=="
		},
		"@types/mkdirp": {
			"version": "0.3.29",
			"resolved": "https://registry.npmjs.org/@types/mkdirp/-/mkdirp-0.3.29.tgz",
			"integrity": "sha1-fyrX7FX5FEgvybHsS7GuYCjUYGY="
		},
		"@types/node": {
			"version": "9.6.61",
			"resolved": "https://registry.npmjs.org/@types/node/-/node-9.6.61.tgz",
			"integrity": "sha512-/aKAdg5c8n468cYLy2eQrcR5k6chlbNwZNGUj3TboyPa2hcO2QAJcfymlqPzMiRj8B6nYKXjzQz36minFE0RwQ=="
		},
		"@types/opossum": {
			"version": "4.1.1",
			"resolved": "https://registry.npmjs.org/@types/opossum/-/opossum-4.1.1.tgz",
			"integrity": "sha512-9TMnd8AWRVtnZMqBbbzceQoJdafErgUViogFaQ3eetsbeLtiFFZ695mepNaLtlfJi4uRP3GmHfe3CJ2DZKaxYA==",
			"requires": {
				"@types/node": "*"
			}
		},
		"@types/rimraf": {
			"version": "0.0.28",
			"resolved": "https://registry.npmjs.org/@types/rimraf/-/rimraf-0.0.28.tgz",
			"integrity": "sha1-VWJRm8eWPKyoq/fxKMrjtZTUHQY="
		},
		"@types/sshpk": {
			"version": "1.17.0",
			"resolved": "https://registry.npmjs.org/@types/sshpk/-/sshpk-1.17.0.tgz",
			"integrity": "sha512-yHxVn9o5r9g4qd6HByA3ydIdHGzxw5NFQCwY7uS4aM1b4RLnexdtLwp08Dq5n0W/asrDpvbX0+C+tzep4tVDZQ==",
			"requires": {
				"@types/asn1": "*",
				"@types/node": "*"
			}
		},
		"asn1": {
			"version": "0.2.6",
			"resolved": "https://registry.npmjs.org/asn1/-/asn1-0.2.6.tgz",
			"integrity": "sha512-ix/FxPn0MDjeyJ7i/yoHGFt/EX6LyNbxSEhPPXODPL+KB0VPk86UYfL0lMdy+KCnv+fmvIzySwaK5COwqVbWTQ==",
			"requires": {
				"safer-buffer": "~2.1.0"
			}
		},
		"assert-plus": {
			"version": "1.0.0",
			"resolved": "https://registry.npmjs.org/assert-plus/-/assert-plus-1.0.0.tgz",
			"integrity": "sha1-8S4PPF13sLHN2RRpQuTpbB5N1SU="
		},
		"balanced-match": {
			"version": "1.0.2",
			"resolved": "https://registry.npmjs.org/balanced-match/-/balanced-match-1.0.2.tgz",
			"integrity": "sha512-3oSeUO0TMV67hN1AmbXsK4yaqU7tjiHlbxRDZOpH0KW9+CeX4bRAaX0Anxt0tx2MrpRpWwQaPwIlISEJhYU5Pw=="
		},
		"bcrypt-pbkdf": {
			"version": "1.0.2",
			"resolved": "https://registry.npmjs.org/bcrypt-pbkdf/-/bcrypt-pbkdf-1.0.2.tgz",
			"integrity": "sha1-pDAdOJtqQ/m2f/PKEaP2Y342Dp4=",
			"requires": {
				"tweetnacl": "^0.14.3"
			}
		},
		"brace-expansion": {
			"version": "1.1.11",
			"resolved": "https://registry.npmjs.org/brace-expansion/-/brace-expansion-1.1.11.tgz",
			"integrity": "sha512-iCuPHDFgrHX7H2vEI/5xpz07zSHB00TpugqhmYtVmMO6518mCuRMoOYFldEBl0g187ufozdaHgWKcYFb61qGiA==",
			"requires": {
				"balanced-match": "^1.0.0",
				"concat-map": "0.0.1"
			}
		},
		"buffer-equal-constant-time": {
			"version": "1.0.1",
			"resolved": "https://registry.npmjs.org/buffer-equal-constant-time/-/buffer-equal-constant-time-1.0.1.tgz",
			"integrity": "sha1-+OcRMvf/5uAaXJaXpMbz5I1cyBk="
		},
		"concat-map": {
			"version": "0.0.1",
			"resolved": "https://registry.npmjs.org/concat-map/-/concat-map-0.0.1.tgz",
			"integrity": "sha1-2Klr13/Wjfd5OnMDajug1UBdR3s="
		},
		"core-util-is": {
			"version": "1.0.2",
			"resolved": "https://registry.npmjs.org/core-util-is/-/core-util-is-1.0.2.tgz",
			"integrity": "sha1-tf1UIgqivFq1eqtxQMlAdUUDwac="
		},
		"dashdash": {
			"version": "1.14.1",
			"resolved": "https://registry.npmjs.org/dashdash/-/dashdash-1.14.1.tgz",
			"integrity": "sha1-hTz6D3y+L+1d4gMmuN1YEDX24vA=",
			"requires": {
				"assert-plus": "^1.0.0"
			}
		},
		"debug": {
			"version": "2.6.9",
			"resolved": "https://registry.npmjs.org/debug/-/debug-2.6.9.tgz",
			"integrity": "sha512-bC7ElrdJaJnPbAP+1EotYvqZsb3ecl5wi6Bfi6BJTUcNowp6cvspg0jXznRTKDjm/E7AdgFBVeAPVMNcKGsHMA==",
			"requires": {
				"ms": "2.0.0"
			}
		},
		"dotenv": {
			"version": "6.2.0",
			"resolved": "https://registry.npmjs.org/dotenv/-/dotenv-6.2.0.tgz",
			"integrity": "sha512-HygQCKUBSFl8wKQZBSemMywRWcEDNidvNbjGVyZu3nbZ8qq9ubiPoGLMdRDpfSrpkkm9BXYFkpKxxFX38o/76w=="
		},
		"ecc-jsbn": {
			"version": "0.1.2",
			"resolved": "https://registry.npmjs.org/ecc-jsbn/-/ecc-jsbn-0.1.2.tgz",
			"integrity": "sha1-OoOpBOVDUyh4dMVkt1SThoSamMk=",
			"requires": {
				"jsbn": "~0.1.0",
				"safer-buffer": "^2.1.0"
			}
		},
		"ecdsa-sig-formatter": {
			"version": "1.0.11",
			"resolved": "https://registry.npmjs.org/ecdsa-sig-formatter/-/ecdsa-sig-formatter-1.0.11.tgz",
			"integrity": "sha512-nagl3RYrbNv6kQkeJIpt6NJZy8twLB/2vtz6yN9Z4vRKHN4/QZJIEbqohALSgwKdnksuY3k5Addp5lg8sVoVcQ==",
			"requires": {
				"safe-buffer": "^5.0.1"
			}
		},
		"es6-promise": {
			"version": "4.2.6",
			"resolved": "https://registry.npmjs.org/es6-promise/-/es6-promise-4.2.6.tgz",
			"integrity": "sha512-aRVgGdnmW2OiySVPUC9e6m+plolMAJKjZnQlCwNSuK5yQ0JN61DZSO1X1Ufd1foqWRAlig0rhduTCHe7sVtK5Q=="
		},
		"extsprintf": {
			"version": "1.3.0",
			"resolved": "https://registry.npmjs.org/extsprintf/-/extsprintf-1.3.0.tgz",
			"integrity": "sha1-lpGEQOMEGnpBT4xS48V06zw+HgU="
		},
		"fs.realpath": {
			"version": "1.0.0",
			"resolved": "https://registry.npmjs.org/fs.realpath/-/fs.realpath-1.0.0.tgz",
			"integrity": "sha1-FQStJSMVjKpA20onh8sBQRmU6k8="
		},
		"getpass": {
			"version": "0.1.7",
			"resolved": "https://registry.npmjs.org/getpass/-/getpass-0.1.7.tgz",
			"integrity": "sha1-Xv+OPmhNVprkyysSgmBOi6YhSfo=",
			"requires": {
				"assert-plus": "^1.0.0"
			}
		},
		"glob": {
			"version": "7.2.0",
			"resolved": "https://registry.npmjs.org/glob/-/glob-7.2.0.tgz",
			"integrity": "sha512-lmLf6gtyrPq8tTjSmrO94wBeQbFR3HbLHbuyD69wuyQkImp2hWqMGB47OX65FBkPffO641IP9jWa1z4ivqG26Q==",
			"requires": {
				"fs.realpath": "^1.0.0",
				"inflight": "^1.0.4",
				"inherits": "2",
				"minimatch": "^3.0.4",
				"once": "^1.3.0",
				"path-is-absolute": "^1.0.0"
			}
		},
		"http-signature": {
			"version": "1.3.1",
			"resolved": "https://registry.npmjs.org/http-signature/-/http-signature-1.3.1.tgz",
			"integrity": "sha512-Y29YKEc8MQsjch/VzkUVJ+2MXd9WcR42fK5u36CZf4G8bXw2DXMTWuESiB0R6m59JAWxlPPw5/Fri/t/AyyueA==",
			"requires": {
				"assert-plus": "^1.0.0",
				"jsprim": "^1.2.2",
				"sshpk": "^1.14.1"
			}
		},
		"inflight": {
			"version": "1.0.6",
			"resolved": "https://registry.npmjs.org/inflight/-/inflight-1.0.6.tgz",
			"integrity": "sha1-Sb1jMdfQLQwJvJEKEHW6gWW1bfk=",
			"requires": {
				"once": "^1.3.0",
				"wrappy": "1"
			}
		},
		"inherits": {
			"version": "2.0.4",
			"resolved": "https://registry.npmjs.org/inherits/-/inherits-2.0.4.tgz",
			"integrity": "sha512-k/vGaX4/Yla3WzyMCvTQOXYeIHvqOKtnqBduzTHpzpQZzAskKMhZ2K+EnBiSM9zGSoIFeMpXKxa4dYeZIQqewQ=="
		},
		"is-wsl": {
			"version": "1.1.0",
			"resolved": "https://registry.npmjs.org/is-wsl/-/is-wsl-1.1.0.tgz",
			"integrity": "sha1-HxbkqiKwTRM2tmGIpmrzxgDDpm0="
		},
		"isomorphic-fetch": {
			"version": "3.0.0",
			"resolved": "https://registry.npmjs.org/isomorphic-fetch/-/isomorphic-fetch-3.0.0.tgz",
			"integrity": "sha512-qvUtwJ3j6qwsF3jLxkZ72qCgjMysPzDfeV240JHiGZsANBYd+EEuu35v7dfrJ9Up0Ak07D7GGSkGhCHTqg/5wA==",
			"requires": {
				"node-fetch": "^2.6.1",
				"whatwg-fetch": "^3.4.1"
			}
		},
		"jsbn": {
			"version": "0.1.1",
			"resolved": "https://registry.npmjs.org/jsbn/-/jsbn-0.1.1.tgz",
			"integrity": "sha1-peZUwuWi3rXyAdls77yoDA7y9RM="
		},
		"json-schema": {
			"version": "0.4.0",
			"resolved": "https://registry.npmjs.org/json-schema/-/json-schema-0.4.0.tgz",
			"integrity": "sha512-es94M3nTIfsEPisRafak+HDLfHXnKBhV3vU5eqPcS3flIWqcxJWgXHXiey3YrpaNsanY5ei1VoYEbOzijuq9BA=="
		},
		"jsonwebtoken": {
			"version": "8.5.1",
			"resolved": "https://registry.npmjs.org/jsonwebtoken/-/jsonwebtoken-8.5.1.tgz",
			"integrity": "sha512-XjwVfRS6jTMsqYs0EsuJ4LGxXV14zQybNd4L2r0UvbVnSF9Af8x7p5MzbJ90Ioz/9TI41/hTCvznF/loiSzn8w==",
			"requires": {
				"jws": "^3.2.2",
				"lodash.includes": "^4.3.0",
				"lodash.isboolean": "^3.0.3",
				"lodash.isinteger": "^4.0.4",
				"lodash.isnumber": "^3.0.3",
				"lodash.isplainobject": "^4.0.6",
				"lodash.isstring": "^4.0.1",
				"lodash.once": "^4.0.0",
				"ms": "^2.1.1",
				"semver": "^5.6.0"
			},
			"dependencies": {
				"ms": {
					"version": "2.1.3",
					"resolved": "https://registry.npmjs.org/ms/-/ms-2.1.3.tgz",
					"integrity": "sha512-6FlzubTLZG3J2a/NVCAleEhjzq5oxgHyaCU9yYXvcLsvoVaHJq/s5xXI6/XXP6tz7R9xAOtHnSO/tXtF3WRTlA=="
				}
			}
		},
		"jsprim": {
			"version": "1.4.2",
			"resolved": "https://registry.npmjs.org/jsprim/-/jsprim-1.4.2.tgz",
			"integrity": "sha512-P2bSOMAc/ciLz6DzgjVlGJP9+BrJWu5UDGK70C2iweC5QBIeFf0ZXRvGjEj2uYgrY2MkAAhsSWHDWlFtEroZWw==",
			"requires": {
				"assert-plus": "1.0.0",
				"extsprintf": "1.3.0",
				"json-schema": "0.4.0",
				"verror": "1.10.0"
			}
		},
		"jssha": {
			"version": "2.4.1",
			"resolved": "https://registry.npmjs.org/jssha/-/jssha-2.4.1.tgz",
			"integrity": "sha512-77DN1YurYgh+7FPCTJ2CQ6hVDHgIWiHxm4Y5/mAdnpETKYagX22pVWMz4xfKF5fcpNfMaztgVj+/B1bt2k23Eg=="
		},
		"jwa": {
			"version": "1.4.1",
			"resolved": "https://registry.npmjs.org/jwa/-/jwa-1.4.1.tgz",
			"integrity": "sha512-qiLX/xhEEFKUAJ6FiBMbes3w9ATzyk5W7Hvzpa/SLYdxNtng+gcurvrI7TbACjIXlsJyr05/S1oUhZrc63evQA==",
			"requires": {
				"buffer-equal-constant-time": "1.0.1",
				"ecdsa-sig-formatter": "1.0.11",
				"safe-buffer": "^5.0.1"
			}
		},
		"jws": {
			"version": "3.2.2",
			"resolved": "https://registry.npmjs.org/jws/-/jws-3.2.2.tgz",
			"integrity": "sha512-YHlZCB6lMTllWDtSPHz/ZXTsi8S00usEV6v1tjq8tOUZzw7DpSDWVXjXDre6ed1w/pd495ODpHZYSdkRTsa0HA==",
			"requires": {
				"jwa": "^1.4.1",
				"safe-buffer": "^5.0.1"
			}
		},
		"lighthouse-logger": {
			"version": "1.3.0",
			"resolved": "https://registry.npmjs.org/lighthouse-logger/-/lighthouse-logger-1.3.0.tgz",
			"integrity": "sha512-BbqAKApLb9ywUli+0a+PcV04SyJ/N1q/8qgCNe6U97KbPCS1BTksEuHFLYdvc8DltuhfxIUBqDZsC0bBGtl3lA==",
			"requires": {
				"debug": "^2.6.9",
				"marky": "^1.2.2"
			}
		},
		"lodash.includes": {
			"version": "4.3.0",
			"resolved": "https://registry.npmjs.org/lodash.includes/-/lodash.includes-4.3.0.tgz",
			"integrity": "sha1-YLuYqHy5I8aMoeUTJUgzFISfVT8="
		},
		"lodash.isboolean": {
			"version": "3.0.3",
			"resolved": "https://registry.npmjs.org/lodash.isboolean/-/lodash.isboolean-3.0.3.tgz",
			"integrity": "sha1-bC4XHbKiV82WgC/UOwGyDV9YcPY="
		},
		"lodash.isinteger": {
			"version": "4.0.4",
			"resolved": "https://registry.npmjs.org/lodash.isinteger/-/lodash.isinteger-4.0.4.tgz",
			"integrity": "sha1-YZwK89A/iwTDH1iChAt3sRzWg0M="
		},
		"lodash.isnumber": {
			"version": "3.0.3",
			"resolved": "https://registry.npmjs.org/lodash.isnumber/-/lodash.isnumber-3.0.3.tgz",
			"integrity": "sha1-POdoEMWSjQM1IwGsKHMX8RwLH/w="
		},
		"lodash.isplainobject": {
			"version": "4.0.6",
			"resolved": "https://registry.npmjs.org/lodash.isplainobject/-/lodash.isplainobject-4.0.6.tgz",
			"integrity": "sha1-fFJqUtibRcRcxpC4gWO+BJf1UMs="
		},
		"lodash.isstring": {
			"version": "4.0.1",
			"resolved": "https://registry.npmjs.org/lodash.isstring/-/lodash.isstring-4.0.1.tgz",
			"integrity": "sha1-1SfftUVuynzJu5XV2ur4i6VKVFE="
		},
		"lodash.once": {
			"version": "4.1.1",
			"resolved": "https://registry.npmjs.org/lodash.once/-/lodash.once-4.1.1.tgz",
			"integrity": "sha1-DdOXEhPHxW34gJd9UEyI+0cal6w="
		},
		"marky": {
			"version": "1.2.4",
			"resolved": "https://registry.npmjs.org/marky/-/marky-1.2.4.tgz",
			"integrity": "sha512-zd2/GiSn6U3/jeFVZ0J9CA1LzQ8RfIVvXkb/U0swFHF/zT+dVohTAWjmo2DcIuofmIIIROlwTbd+shSeXmxr0w=="
		},
		"minimatch": {
			"version": "3.1.2",
			"resolved": "https://registry.npmjs.org/minimatch/-/minimatch-3.1.2.tgz",
			"integrity": "sha512-J7p63hRiAjw1NDEww1W7i37+ByIrOWO5XQQAzZ3VOcL0PNybwpfmV/N05zFAzwQ9USyEcX6t3UO+K5aqBQOIHw==",
			"requires": {
				"brace-expansion": "^1.1.7"
			}
		},
		"minimist": {
			"version": "0.0.8",
			"resolved": "https://registry.npmjs.org/minimist/-/minimist-0.0.8.tgz",
			"integrity": "sha1-hX/Kv8M5fSYluCKCYuhqp6ARsF0="
		},
		"mkdirp": {
			"version": "0.5.1",
			"resolved": "https://registry.npmjs.org/mkdirp/-/mkdirp-0.5.1.tgz",
			"integrity": "sha1-MAV0OOrGz3+MR2fzhkjWaX11yQM=",
			"requires": {
				"minimist": "0.0.8"
			}
		},
		"ms": {
			"version": "2.0.0",
			"resolved": "https://registry.npmjs.org/ms/-/ms-2.0.0.tgz",
			"integrity": "sha1-VgiurfwAvmwpAd9fmGF4jeDVl8g="
		},
		"node-fetch": {
			"version": "2.6.7",
			"resolved": "https://registry.npmjs.org/node-fetch/-/node-fetch-2.6.7.tgz",
			"integrity": "sha512-ZjMPFEfVx5j+y2yF35Kzx5sF7kDzxuDj6ziH4FFbOp87zKDZNx8yExJIb05OGF4Nlt9IHFIMBkRl41VdvcNdbQ==",
			"requires": {
				"whatwg-url": "^5.0.0"
			}
		},
		"oci": {
			"version": "0.0.51",
			"resolved": "https://registry.npmjs.org/oci/-/oci-0.0.51.tgz",
			"integrity": "sha512-es8O/+O/sv6ykRLARI0RTW9SJpju3byid/k0XoQl1/qoVwZS0kNyYmttnPzNj+XP/RBBDClqx5g4G7aWFhH9Rg==",
			"requires": {
				"@types/core-js": "^0.9.41",
				"@types/mkdirp": "^0.3.29",
				"@types/node": "^9.3.0",
				"@types/rimraf": "^0.0.28",
				"dotenv": "^6.1.0",
				"is-wsl": "^1.1.0",
				"lighthouse-logger": "^1.0.0",
				"mkdirp": "0.5.1",
				"rimraf": "^2.6.1"
			}
		},
		"oci-common": {
			"version": "2.20.0",
			"resolved": "https://registry.npmjs.org/oci-common/-/oci-common-2.20.0.tgz",
			"integrity": "sha512-859zr0jvIeSDIvv08kj1hEhICxhpzjHq1yJkNKhTj5fyNI5n1AdSjz0RjnfpE1rtTiGfpkdloYjgWHADlIc35g==",
			"requires": {
				"@types/isomorphic-fetch": "0.0.35",
				"@types/jsonwebtoken": "^8.5.0",
				"@types/jssha": "^2.0.0",
				"@types/opossum": "4.1.1",
				"@types/sshpk": "^1.10.3",
				"es6-promise": "4.2.6",
				"http-signature": "1.3.1",
				"isomorphic-fetch": "3.0.0",
				"jsonwebtoken": "8.5.1",
				"jssha": "2.4.1",
				"opossum": "5.0.1",
				"sshpk": "1.16.1",
				"uuid": "3.3.3"
			}
		},
		"oci-devops": {
			"version": "2.20.0",
			"resolved": "https://registry.npmjs.org/oci-devops/-/oci-devops-2.20.0.tgz",
			"integrity": "sha512-9pSk9eqzsjkNiO6X2y6Y1qkG8j+M8lTRtcD7510xwdFIf2IhRN/CYKqoUetnC0qibP8w1ROYsluFPXxiHEJMPg==",
			"requires": {
				"oci-common": "2.20.0",
				"oci-workrequests": "2.20.0"
			}
		},
		"oci-identity": {
			"version": "2.20.0",
			"resolved": "https://registry.npmjs.org/oci-identity/-/oci-identity-2.20.0.tgz",
			"integrity": "sha512-QWSBb+6yJwat9wlEszS+gSMzBAjf2wHev5LzRS+7Ebge01baKrtxHkPOoyz4xjkFx5ETJ3RSye9j2vNBAa4hFw==",
			"requires": {
				"oci-common": "2.20.0",
				"oci-workrequests": "2.20.0"
			}
		},
		"oci-workrequests": {
			"version": "2.20.0",
			"resolved": "https://registry.npmjs.org/oci-workrequests/-/oci-workrequests-2.20.0.tgz",
			"integrity": "sha512-5FFAVfRYjWohGdRRFy+QiULqd+4HPGyyBl+D/QUMKjXcl1qcNLEDesHsgWEiOP9mQgA43cgap2M8gEXt+oTDuw==",
			"requires": {
				"oci-common": "2.20.0",
				"oci-workrequests": "2.20.0"
			}
		},
		"once": {
			"version": "1.4.0",
			"resolved": "https://registry.npmjs.org/once/-/once-1.4.0.tgz",
			"integrity": "sha1-WDsap3WWHUsROsF9nFC6753Xa9E=",
			"requires": {
				"wrappy": "1"
			}
		},
		"opossum": {
			"version": "5.0.1",
			"resolved": "https://registry.npmjs.org/opossum/-/opossum-5.0.1.tgz",
			"integrity": "sha512-iUDUQmFl3RanaBVLMDTZ6WtXj/Hk84pwJ5JWoJaQd1lXGifdApHhszI3biZvdBDdpTERCmB6x+7+uNvzhzVZIg=="
		},
		"path-is-absolute": {
			"version": "1.0.1",
			"resolved": "https://registry.npmjs.org/path-is-absolute/-/path-is-absolute-1.0.1.tgz",
			"integrity": "sha1-F0uSaHNVNP+8es5r9TpanhtcX18="
		},
		"rimraf": {
			"version": "2.7.1",
			"resolved": "https://registry.npmjs.org/rimraf/-/rimraf-2.7.1.tgz",
			"integrity": "sha512-uWjbaKIK3T1OSVptzX7Nl6PvQ3qAGtKEtVRjRuazjfL3Bx5eI409VZSqgND+4UNnmzLVdPj9FqFJNPqBZFve4w==",
			"requires": {
				"glob": "^7.1.3"
			}
		},
		"safe-buffer": {
			"version": "5.2.1",
			"resolved": "https://registry.npmjs.org/safe-buffer/-/safe-buffer-5.2.1.tgz",
			"integrity": "sha512-rp3So07KcdmmKbGvgaNxQSJr7bGVSVk5S9Eq1F+ppbRo70+YeaDxkw5Dd8NPN+GD6bjnYm2VuPuCXmpuYvmCXQ=="
		},
		"safer-buffer": {
			"version": "2.1.2",
			"resolved": "https://registry.npmjs.org/safer-buffer/-/safer-buffer-2.1.2.tgz",
			"integrity": "sha512-YZo3K82SD7Riyi0E1EQPojLz7kpepnSQI9IyPbHHg1XXXevb5dJI7tpyN2ADxGcQbHG7vcyRHk0cbwqcQriUtg=="
		},
		"semver": {
			"version": "5.7.1",
			"resolved": "https://registry.npmjs.org/semver/-/semver-5.7.1.tgz",
			"integrity": "sha512-sauaDf/PZdVgrLTNYHRtpXa1iRiKcaebiKQ1BJdpQlWH2lCvexQdX55snPFyK7QzpudqbCI0qXFfOasHdyNDGQ=="
		},
		"sshpk": {
			"version": "1.16.1",
			"resolved": "https://registry.npmjs.org/sshpk/-/sshpk-1.16.1.tgz",
			"integrity": "sha512-HXXqVUq7+pcKeLqqZj6mHFUMvXtOJt1uoUx09pFW6011inTMxqI8BA8PM95myrIyyKwdnzjdFjLiE6KBPVtJIg==",
			"requires": {
				"asn1": "~0.2.3",
				"assert-plus": "^1.0.0",
				"bcrypt-pbkdf": "^1.0.0",
				"dashdash": "^1.12.0",
				"ecc-jsbn": "~0.1.1",
				"getpass": "^0.1.1",
				"jsbn": "~0.1.0",
				"safer-buffer": "^2.0.2",
				"tweetnacl": "~0.14.0"
			}
		},
		"tr46": {
			"version": "0.0.3",
			"resolved": "https://registry.npmjs.org/tr46/-/tr46-0.0.3.tgz",
			"integrity": "sha1-gYT9NH2snNwYWZLzpmIuFLnZq2o="
		},
		"tweetnacl": {
			"version": "0.14.5",
			"resolved": "https://registry.npmjs.org/tweetnacl/-/tweetnacl-0.14.5.tgz",
			"integrity": "sha1-WuaBd/GS1EViadEIr6k/+HQ/T2Q="
		},
		"uuid": {
			"version": "3.3.3",
			"resolved": "https://registry.npmjs.org/uuid/-/uuid-3.3.3.tgz",
			"integrity": "sha512-pW0No1RGHgzlpHJO1nsVrHKpOEIxkGg1xB+v0ZmdNH5OAeAwzAVrCnI2/6Mtx+Uys6iaylxa+D3g4j63IKKjSQ=="
		},
		"verror": {
			"version": "1.10.0",
			"resolved": "https://registry.npmjs.org/verror/-/verror-1.10.0.tgz",
			"integrity": "sha1-OhBcoXBTr1XW4nDB+CiGguGNpAA=",
			"requires": {
				"assert-plus": "^1.0.0",
				"core-util-is": "1.0.2",
				"extsprintf": "^1.2.0"
			}
		},
		"webidl-conversions": {
			"version": "3.0.1",
			"resolved": "https://registry.npmjs.org/webidl-conversions/-/webidl-conversions-3.0.1.tgz",
			"integrity": "sha1-JFNCdeKnvGvnvIZhHMFq4KVlSHE="
		},
		"whatwg-fetch": {
			"version": "3.6.2",
			"resolved": "https://registry.npmjs.org/whatwg-fetch/-/whatwg-fetch-3.6.2.tgz",
			"integrity": "sha512-bJlen0FcuU/0EMLrdbJ7zOnW6ITZLrZMIarMUVmdKtsGvZna8vxKYaexICWPfZ8qwf9fzNq+UEIZrnSaApt6RA=="
		},
		"whatwg-url": {
			"version": "5.0.0",
			"resolved": "https://registry.npmjs.org/whatwg-url/-/whatwg-url-5.0.0.tgz",
			"integrity": "sha1-lmRU6HZUYuN2RNNib2dCzotwll0=",
			"requires": {
				"tr46": "~0.0.3",
				"webidl-conversions": "^3.0.0"
			}
		},
		"wrappy": {
			"version": "1.0.2",
			"resolved": "https://registry.npmjs.org/wrappy/-/wrappy-1.0.2.tgz",
			"integrity": "sha1-tSQ9jz7BqjXxNkYFvA0QNuMKtp8="
		}
	}
}
